
Microsoft Visual Studio Solution File, Format Version 12.00
# Visual Studio 14
VisualStudioVersion = 14.0.24720.0
MinimumVisualStudioVersion = 10.0.40219.1
Project("{FAE04EC0-301F-11D3-BF4B-00C04F79EFBC}") = "3x3Grid", "3x3Grid\3x3Grid.csproj", "{C2B19293-DB4F-4898-AC00-0AC72CC0AFDE}"
EndProject
Global
	GlobalSection(SolutionConfigurationPlatforms) = preSolution
		Debug|Any CPU = Debug|Any CPU
		Release|Any CPU = Release|Any CPU
	EndGlobalSection
	GlobalSection(ProjectConfigurationPlatforms) = postSolution
		{C2B19293-DB4F-4898-AC00-0AC72CC0AFDE}.Debug|Any CPU.ActiveCfg = Debug|Any CPU
		{C2B19293-DB4F-4898-AC00-0AC72CC0AFDE}.Debug|Any CPU.Build.0 = Debug|Any CPU
		{C2B19293-DB4F-4898-AC00-0AC72CC0AFDE}.Release|Any CPU.ActiveCfg = Release|Any CPU
		{C2B19293-DB4F-4898-AC00-0AC72CC0AFDE}.Release|Any CPU.Build.0 = Release|Any CPU
	EndGlobalSection
	GlobalSection(SolutionProperties) = preSolution
		HideSolutionNode = FALSE
	EndGlobalSection
EndGlobal
